
Microsoft Visual Studio Solution File, Format Version 12.00
# Visual Studio Version 16
VisualStudioVersion = 16.0.29905.134
MinimumVisualStudioVersion = 10.0.40219.1
Project("{FAE04EC0-301F-11D3-BF4B-00C04F79EFBC}") = "WPF_Employee", "WPF_Employee\WPF_Employee.csproj", "{767511AA-739E-4B11-8DFC-0BF8E681BAE2}"
EndProject
Global
	GlobalSection(SolutionConfigurationPlatforms) = preSolution
		Debug|Any CPU = Debug|Any CPU
		Release|Any CPU = Release|Any CPU
	EndGlobalSection
	GlobalSection(ProjectConfigurationPlatforms) = postSolution
		{767511AA-739E-4B11-8DFC-0BF8E681BAE2}.Debug|Any CPU.ActiveCfg = Debug|Any CPU
		{767511AA-739E-4B11-8DFC-0BF8E681BAE2}.Debug|Any CPU.Build.0 = Debug|Any CPU
		{767511AA-739E-4B11-8DFC-0BF8E681BAE2}.Release|Any CPU.ActiveCfg = Release|Any CPU
		{767511AA-739E-4B11-8DFC-0BF8E681BAE2}.Release|Any CPU.Build.0 = Release|Any CPU
	EndGlobalSection
	GlobalSection(SolutionProperties) = preSolution
		HideSolutionNode = FALSE
	EndGlobalSection
	GlobalSection(ExtensibilityGlobals) = postSolution
		SolutionGuid = {F14CDF48-E5D4-4615-9888-7E10680CB1F5}
	EndGlobalSection
EndGlobal
